
Microsoft Visual Studio Solution File, Format Version 12.00
# Visual Studio Version 16
VisualStudioVersion = 16.0.32413.511
MinimumVisualStudioVersion = 10.0.40219.1
Project("{9A19103F-16F7-4668-BE54-9A1E7A4F7556}") = "hotel", "hotel\hotel.csproj", "{35761727-EEC5-4999-8590-182204CF7051}"
EndProject
Global
	GlobalSection(SolutionConfigurationPlatforms) = preSolution
		Debug|Any CPU = Debug|Any CPU
		Release|Any CPU = Release|Any CPU
	EndGlobalSection
	GlobalSection(ProjectConfigurationPlatforms) = postSolution
		{35761727-EEC5-4999-8590-182204CF7051}.Debug|Any CPU.ActiveCfg = Debug|Any CPU
		{35761727-EEC5-4999-8590-182204CF7051}.Debug|Any CPU.Build.0 = Debug|Any CPU
		{35761727-EEC5-4999-8590-182204CF7051}.Release|Any CPU.ActiveCfg = Release|Any CPU
		{35761727-EEC5-4999-8590-182204CF7051}.Release|Any CPU.Build.0 = Release|Any CPU
	EndGlobalSection
	GlobalSection(SolutionProperties) = preSolution
		HideSolutionNode = FALSE
	EndGlobalSection
	GlobalSection(ExtensibilityGlobals) = postSolution
		SolutionGuid = {3C8BDA63-E7EC-4333-871A-A3A51967F1A0}
	EndGlobalSection
EndGlobal
